# This file is autogenerated, do not edit; changes may be undone by the next 'dep ensure'.


[[projects]]
  name = "github.com/BurntSushi/toml"
  packages = ["."]
  revision = "3012a1dbe2e4bd1391d42b32f0577cb7bbc7f005"

[[projects]]
  branch = "master"
  name = "github.com/beorn7/perks"
  packages = ["quantile"]
  revision = "3a771d992973f24aa725d07868b467d1ddfceafb"

[[projects]]
  branch = "master"
  name = "github.com/chzyer/readline"
  packages = ["."]
  revision = "2972be24d48e78746da79ba8e24e8b488c9880de"

[[projects]]
  branch = "master"
  name = "github.com/coreos/etcd"
  packages = [
    "clientv3",
    "embed",
    "etcdserver",
    "mvcc/mvccpb",
    "pkg/logutil",
    "pkg/transport",
    "pkg/types",
    "raft"
  ]
  revision = "1cab49ef784afe16ee665d6e16f2fc5fa31d8974"

[[projects]]
  name = "github.com/coreos/go-semver"
  packages = ["semver"]
  revision = "8ab6407b697782a06568d4b7f1db25550ec2e4c6"
  version = "v0.2.0"

[[projects]]
  name = "github.com/coreos/go-systemd"
  packages = ["journal"]
  revision = "39ca1b05acc7ad1220e09f133283b8859a8b71ab"
  version = "v17"

[[projects]]
  name = "github.com/coreos/pkg"
  packages = ["capnslog"]
  revision = "97fdf19511ea361ae1c100dd393cc47f8dcfa1e1"
  version = "v4"

[[projects]]
  name = "github.com/dgrijalva/jwt-go"
  packages = ["."]
  revision = "06ea1031745cb8b3dab3f6a236daf2b0aa468b7e"
  version = "v3.2.0"

[[projects]]
  name = "github.com/dustin/go-humanize"
  packages = ["."]
  revision = "9f541cc9db5d55bce703bd99987c9d5cb8eea45e"
  version = "v1.0.0"

[[projects]]
  branch = "master"
  name = "github.com/etcd-io/gofail"
  packages = ["runtime"]
  revision = "51ce9a71510a58bad5ae66ddd278ef28762a1550"

[[projects]]
  name = "github.com/ghodss/yaml"
  packages = ["."]
  revision = "0ca9ea5df5451ffdf184b4428c902747c2c11cd7"
  version = "v1.0.0"

[[projects]]
  name = "github.com/gogo/protobuf"
  packages = [
    "gogoproto",
    "proto",
    "protoc-gen-gogo/descriptor"
  ]
  revision = "636bf0302bc95575d69441b25a2603156ffdddf1"
  version = "v1.1.1"

[[projects]]
  name = "github.com/golang/protobuf"
  packages = [
    "jsonpb",
    "proto",
    "ptypes",
    "ptypes/any",
    "ptypes/duration",
    "ptypes/struct",
    "ptypes/timestamp"
  ]
  revision = "aa810b61a9c79d51363740d207bb46cf8e620ed5"
  version = "v1.2.0"

[[projects]]
  branch = "master"
  name = "github.com/golang/snappy"
  packages = ["."]
  revision = "2e65f85255dbc3072edf28d6b5b8efc472979f5a"

[[projects]]
  branch = "master"
  name = "github.com/google/btree"
  packages = ["."]
  revision = "4030bb1f1f0c35b30ca7009e9ebd06849dd45306"

[[projects]]
  name = "github.com/gorilla/context"
  packages = ["."]
  revision = "08b5f424b9271eedf6f9f0ce86cb9396ed337a42"
  version = "v1.1.1"

[[projects]]
  name = "github.com/gorilla/mux"
  packages = ["."]
  revision = "e3702bed27f0d39777b0b37b664b6280e8ef8fbf"
  version = "v1.6.2"

[[projects]]
  name = "github.com/gorilla/websocket"
  packages = ["."]
  revision = "66b9c49e59c6c48f0ffce28c2d8b8a5678502c6d"
  version = "v1.4.0"

[[projects]]
  name = "github.com/grpc-ecosystem/go-grpc-middleware"
  packages = [
    ".",
    "util/backoffutils"
  ]
  revision = "c250d6563d4d4c20252cd865923440e829844f4e"
  version = "v1.0.0"

[[projects]]
  name = "github.com/grpc-ecosystem/go-grpc-prometheus"
  packages = ["."]
  revision = "c225b8c3b01faf2899099b768856a9e916e5087b"
  version = "v1.2.0"

[[projects]]
  name = "github.com/grpc-ecosystem/grpc-gateway"
  packages = [
    "runtime",
    "runtime/internal",
    "utilities"
  ]
  revision = "92583770e3f01b09a0d3e9bdf64321d8bebd48f2"
  version = "v1.4.1"

[[projects]]
  name = "github.com/inconshreveable/mousetrap"
  packages = ["."]
  revision = "76626ae9c91c4f2a10f34cad8ce83ea42c93bb75"
  version = "v1.0"

[[projects]]
  name = "github.com/jonboulle/clockwork"
  packages = ["."]
  revision = "2eee05ed794112d45db504eb05aa693efd2b8b09"
  version = "v0.1.0"

[[projects]]
  name = "github.com/konsorten/go-windows-terminal-sequences"
  packages = ["."]
  revision = "5c8c8bd35d3832f5d134ae1e1e375b69a4d25242"
  version = "v1.0.1"

[[projects]]
  name = "github.com/mattn/go-shellwords"
  packages = ["."]
  revision = "02e3cf038dcea8290e44424da473dd12be796a8a"
  version = "v1.0.3"

[[projects]]
  name = "github.com/matttproud/golang_protobuf_extensions"
  packages = ["pbutil"]
  revision = "c12348ce28de40eed0136aa2b644d0ee0650e56c"
  version = "v1.0.1"

[[projects]]
  name = "github.com/montanaflynn/stats"
  packages = ["."]
  revision = "1bf9dbcd8cbe1fdb75add3785b1d4a9a646269ab"
  version = "0.3.0"

[[projects]]
  name = "github.com/opentracing/opentracing-go"
  packages = [
    ".",
    "log"
  ]
  revision = "1949ddbfd147afd4d964a9f00b24eb291e0e7c38"
  version = "v1.0.2"

[[projects]]
  branch = "master"
  name = "github.com/petar/GoLLRB"
  packages = ["llrb"]
  revision = "53be0d36a84c2a886ca057d34b6aa4468df9ccb4"

[[projects]]
  branch = "master"
  name = "github.com/pingcap/check"
  packages = ["."]
  revision = "1c287c953996ab3a0bf535dba9d53d809d3dc0b6"

[[projects]]
  name = "github.com/pingcap/errcode"
  packages = ["."]
  revision = "a028bd36e74a09205eb9b99bc5ef1edea30c4a5e"
  version = "v0.2"

[[projects]]
  name = "github.com/pingcap/errors"
  packages = ["."]
  revision = "31ffda8a65b0f910c6d65f1fef40e761fd606384"
  version = "v0.10.1"

[[projects]]
  branch = "master"
  name = "github.com/pingcap/kvproto"
  packages = [
    "pkg/eraftpb",
    "pkg/metapb",
    "pkg/pdpb"
  ]
  revision = "0ba3ca8a6e3775accbe4bdf844162cd7685dafe2"
  source = "https://github.com/pingcap/kvproto.git"

[[projects]]
  name = "github.com/pkg/errors"
  packages = ["."]
  revision = "645ef00459ed84a119197bfb8d8205042c6df63d"
  version = "v0.8.0"

[[projects]]
  name = "github.com/prometheus/client_golang"
  packages = [
    "prometheus",
    "prometheus/promhttp",
    "prometheus/push"
  ]
  revision = "c5b7fccd204277076155f10851dad72b76a49317"
  version = "v0.8.0"

[[projects]]
  branch = "master"
  name = "github.com/prometheus/client_model"
  packages = ["go"]
  revision = "5c3871d89910bfb32f5fcab2aa4b9ec68e65a99f"

[[projects]]
  branch = "master"
  name = "github.com/prometheus/common"
  packages = [
    "expfmt",
    "internal/bitbucket.org/ww/goautoneg",
    "model"
  ]
  revision = "c7de2306084e37d54b8be01f3541a8464345e9a5"

[[projects]]
  branch = "master"
  name = "github.com/prometheus/procfs"
  packages = [
    ".",
    "internal/util",
    "nfs",
    "xfs"
  ]
  revision = "185b4288413d2a0dd0806f78c90dde719829e5ae"

[[projects]]
  name = "github.com/sirupsen/logrus"
  packages = ["."]
  revision = "ad15b42461921f1fb3529b058c6786c6a45d5162"
  version = "v1.1.1"

[[projects]]
  name = "github.com/soheilhy/cmux"
  packages = ["."]
  revision = "e09e9389d85d8492d313d73d1469c029e710623f"
  version = "v0.1.4"

[[projects]]
  name = "github.com/spf13/cobra"
  packages = ["."]
  revision = "ef82de70bb3f60c65fb8eebacbb2d122ef517385"
  version = "v0.0.3"

[[projects]]
  name = "github.com/spf13/pflag"
  packages = ["."]
  revision = "298182f68c66c05229eb03ac171abe6e309ee79a"
  version = "v1.0.3"

[[projects]]
  branch = "master"
  name = "github.com/syndtr/goleveldb"
  packages = [
    "leveldb",
    "leveldb/cache",
    "leveldb/comparer",
    "leveldb/errors",
    "leveldb/filter",
    "leveldb/iterator",
    "leveldb/journal",
    "leveldb/memdb",
    "leveldb/opt",
    "leveldb/storage",
    "leveldb/table",
    "leveldb/util"
  ]
  revision = "6b91fda63f2e36186f1c9d0e48578defb69c5d43"

[[projects]]
  branch = "master"
  name = "github.com/tmc/grpc-websocket-proxy"
  packages = ["wsproxy"]
  revision = "830351dc03c6f07d625727d5f993a463babb20e1"

[[projects]]
  name = "github.com/ugorji/go"
  packages = ["codec"]
  revision = "b4c50a2b199d93b13dc15e78929cfb23bfdf21ab"
  version = "v1.1.1"

[[projects]]
  branch = "master"
  name = "github.com/unrolled/render"
  packages = ["."]
  revision = "b9786414de4d903830df7ac38eea68a0e3267a35"

[[projects]]
  name = "github.com/urfave/negroni"
  packages = ["."]
  revision = "c6a59be0ce122566695fbd5e48a77f8f10c8a63a"
  version = "v1.0.0"

[[projects]]
  name = "github.com/xiang90/probing"
  packages = ["."]
  revision = "07dd2e8dfe18522e9c447ba95f2fe95262f63bb2"
  version = "0.0.1"

[[projects]]
  name = "go.etcd.io/bbolt"
  packages = ["."]
  revision = "583e8937c61f1af6513608ccc75c97b6abdf4ff9"
  version = "v1.3.0"

[[projects]]
  branch = "master"
  name = "go.etcd.io/etcd"
  packages = [
    "auth",
    "auth/authpb",
    "client",
    "clientv3",
    "clientv3/balancer",
    "clientv3/balancer/picker",
    "clientv3/balancer/resolver/endpoint",
    "clientv3/concurrency",
    "etcdserver",
    "etcdserver/api",
    "etcdserver/api/etcdhttp",
    "etcdserver/api/membership",
    "etcdserver/api/rafthttp",
    "etcdserver/api/snap",
    "etcdserver/api/snap/snappb",
    "etcdserver/api/v2auth",
    "etcdserver/api/v2discovery",
    "etcdserver/api/v2error",
    "etcdserver/api/v2http",
    "etcdserver/api/v2http/httptypes",
    "etcdserver/api/v2stats",
    "etcdserver/api/v2store",
    "etcdserver/api/v2v3",
    "etcdserver/api/v3alarm",
    "etcdserver/api/v3client",
    "etcdserver/api/v3compactor",
    "etcdserver/api/v3election",
    "etcdserver/api/v3election/v3electionpb",
    "etcdserver/api/v3election/v3electionpb/gw",
    "etcdserver/api/v3lock",
    "etcdserver/api/v3lock/v3lockpb",
    "etcdserver/api/v3lock/v3lockpb/gw",
    "etcdserver/api/v3rpc",
    "etcdserver/api/v3rpc/rpctypes",
    "etcdserver/etcdserverpb",
    "etcdserver/etcdserverpb/gw",
    "lease",
    "lease/leasehttp",
    "lease/leasepb",
    "mvcc",
    "mvcc/backend",
    "mvcc/mvccpb",
    "pkg/adt",
    "pkg/contention",
    "pkg/cpuutil",
    "pkg/crc",
    "pkg/debugutil",
    "pkg/fileutil",
    "pkg/flags",
    "pkg/httputil",
    "pkg/idutil",
    "pkg/ioutil",
    "pkg/logutil",
    "pkg/netutil",
    "pkg/pathutil",
    "pkg/pbutil",
    "pkg/runtime",
    "pkg/schedule",
    "pkg/srv",
    "pkg/systemd",
    "pkg/tlsutil",
    "pkg/transport",
    "pkg/types",
    "pkg/wait",
    "proxy/grpcproxy/adapter",
    "raft",
    "raft/raftpb",
    "version",
    "wal",
    "wal/walpb"
  ]
  revision = "1cab49ef784afe16ee665d6e16f2fc5fa31d8974"

[[projects]]
  name = "go.uber.org/atomic"
  packages = ["."]
  revision = "1ea20fb1cbb1cc08cbd0d913a96dead89aa18289"
  version = "v1.3.2"

[[projects]]
  name = "go.uber.org/multierr"
  packages = ["."]
  revision = "3c4937480c32f4c13a875a1829af76c98ca3d40a"
  version = "v1.1.0"

[[projects]]
  name = "go.uber.org/zap"
  packages = [
    ".",
    "buffer",
    "internal/bufferpool",
    "internal/color",
    "internal/exit",
    "zapcore"
  ]
  revision = "ff33455a0e382e8a81d14dd7c922020b6b5e7982"
  version = "v1.9.1"

[[projects]]
  branch = "master"
  name = "golang.org/x/crypto"
  packages = [
    "bcrypt",
    "blowfish",
    "ssh/terminal"
  ]
  revision = "7c1a557ab941a71c619514f229f0b27ccb0c27cf"

[[projects]]
  branch = "master"
  name = "golang.org/x/net"
  packages = [
    "context",
    "http/httpguts",
    "http2",
    "http2/hpack",
    "idna",
    "internal/timeseries",
    "trace"
  ]
  revision = "49bb7cea24b1df9410e1712aa6433dae904ff66a"

[[projects]]
  branch = "master"
  name = "golang.org/x/sys"
  packages = [
    "unix",
    "windows"
  ]
  revision = "fa43e7bc11baaae89f3f902b2b4d832b68234844"

[[projects]]
  name = "golang.org/x/text"
  packages = [
    "collate",
    "collate/build",
    "internal/colltab",
    "internal/gen",
    "internal/tag",
    "internal/triegen",
    "internal/ucd",
    "language",
    "secure/bidirule",
    "transform",
    "unicode/bidi",
    "unicode/cldr",
    "unicode/norm",
    "unicode/rangetable"
  ]
  revision = "f21a4dfb5e38f5895301dc265a8def02365cc3d0"
  version = "v0.3.0"

[[projects]]
  branch = "master"
  name = "golang.org/x/time"
  packages = ["rate"]
  revision = "fbb02b2291d28baffd63558aa44b4b56f178d650"

[[projects]]
  branch = "master"
  name = "google.golang.org/genproto"
  packages = ["googleapis/rpc/status"]
  revision = "af9cb2a35e7f169ec875002c1829c9b315cddc04"

[[projects]]
  name = "google.golang.org/grpc"
  packages = [
    ".",
    "balancer",
    "balancer/base",
    "balancer/roundrobin",
    "codes",
    "connectivity",
    "credentials",
    "encoding",
    "encoding/proto",
    "grpclog",
    "health",
    "health/grpc_health_v1",
    "internal",
    "internal/backoff",
    "internal/channelz",
    "internal/envconfig",
    "internal/grpcrand",
    "internal/transport",
    "keepalive",
    "metadata",
    "naming",
    "peer",
    "resolver",
    "resolver/dns",
    "resolver/passthrough",
    "stats",
    "status",
    "tap"
  ]
  revision = "8dea3dc473e90c8179e519d91302d0597c0ca1d1"
  source = "https://github.com/grpc/grpc-go.git"
  version = "v1.15.0"

[[projects]]
  name = "gopkg.in/natefinch/lumberjack.v2"
  packages = ["."]
  revision = "a96e63847dc3c67d17befa69c303767e2f84e54f"
  version = "v2.1"

[[projects]]
  name = "gopkg.in/yaml.v2"
  packages = ["."]
  revision = "5420a8b6744d3b0345ab293f6fcba19c978f1183"
  version = "v2.2.1"

[solve-meta]
  analyzer-name = "dep"
  analyzer-version = 1
  inputs-digest = "63f5abc1c6ae97f24b4de2d3903307be1ce8ad27c7852900693a2be1921b1ad8"
  solver-name = "gps-cdcl"
  solver-version = 1
